
Microsoft Visual Studio Solution File, Format Version 12.00
# Visual Studio Version 17
VisualStudioVersion = 17.0.31919.166
MinimumVisualStudioVersion = 10.0.40219.1
Project("{FAE04EC0-301F-11D3-BF4B-00C04F79EFBC}") = "Xc.Loader", "Xc.Loader\Xc.Loader.csproj", "{741E8D5A-2AEE-42F3-92B1-55BC0DF635A3}"
EndProject
Global
	GlobalSection(SolutionConfigurationPlatforms) = preSolution
		Debug|Any CPU = Debug|Any CPU
		Release|Any CPU = Release|Any CPU
	EndGlobalSection
	GlobalSection(ProjectConfigurationPlatforms) = postSolution
		{741E8D5A-2AEE-42F3-92B1-55BC0DF635A3}.Debug|Any CPU.ActiveCfg = Debug|Any CPU
		{741E8D5A-2AEE-42F3-92B1-55BC0DF635A3}.Debug|Any CPU.Build.0 = Debug|Any CPU
		{741E8D5A-2AEE-42F3-92B1-55BC0DF635A3}.Release|Any CPU.ActiveCfg = Release|Any CPU
		{741E8D5A-2AEE-42F3-92B1-55BC0DF635A3}.Release|Any CPU.Build.0 = Release|Any CPU
	EndGlobalSection
	GlobalSection(SolutionProperties) = preSolution
		HideSolutionNode = FALSE
	EndGlobalSection
	GlobalSection(ExtensibilityGlobals) = postSolution
		SolutionGuid = {D3A16683-730F-4EEF-B8D1-22F5D5FA8FA9}
	EndGlobalSection
EndGlobal
